
Microsoft Visual Studio Solution File, Format Version 12.00
# Visual Studio Version 17
VisualStudioVersion = 17.0.31903.59
MinimumVisualStudioVersion = 10.0.40219.1
Project("{FAE04EC0-301F-11D3-BF4B-00C04F79EFBC}") = "EcomApi", "EcomApi\EcomApi.csproj", "{91834975-5E59-4BBF-89AB-A7057E9311ED}"
EndProject
Project("{FAE04EC0-301F-11D3-BF4B-00C04F79EFBC}") = "Ecom.Core", "Ecom.Core\Ecom.Core.csproj", "{EEE136BB-F118-4986-B73D-FF685DB9A872}"
EndProject
Project("{FAE04EC0-301F-11D3-BF4B-00C04F79EFBC}") = "Ecom.Application", "Ecom.Application\Ecom.Application.csproj", "{E5611270-4E37-4123-88D0-7DD808F4CC3F}"
EndProject
Project("{FAE04EC0-301F-11D3-BF4B-00C04F79EFBC}") = "Ecom.Infrastructure", "Ecom.Infrastructure\Ecom.Infrastructure.csproj", "{9718BF3D-FEF4-466A-BC98-ABA0D62CB3F8}"
EndProject
Global
	GlobalSection(SolutionConfigurationPlatforms) = preSolution
		Debug|Any CPU = Debug|Any CPU
		Debug|x64 = Debug|x64
		Debug|x86 = Debug|x86
		Release|Any CPU = Release|Any CPU
		Release|x64 = Release|x64
		Release|x86 = Release|x86
	EndGlobalSection
	GlobalSection(ProjectConfigurationPlatforms) = postSolution
		{91834975-5E59-4BBF-89AB-A7057E9311ED}.Debug|Any CPU.ActiveCfg = Debug|Any CPU
		{91834975-5E59-4BBF-89AB-A7057E9311ED}.Debug|Any CPU.Build.0 = Debug|Any CPU
		{91834975-5E59-4BBF-89AB-A7057E9311ED}.Debug|x64.ActiveCfg = Debug|Any CPU
		{91834975-5E59-4BBF-89AB-A7057E9311ED}.Debug|x64.Build.0 = Debug|Any CPU
		{91834975-5E59-4BBF-89AB-A7057E9311ED}.Debug|x86.ActiveCfg = Debug|Any CPU
		{91834975-5E59-4BBF-89AB-A7057E9311ED}.Debug|x86.Build.0 = Debug|Any CPU
		{91834975-5E59-4BBF-89AB-A7057E9311ED}.Release|Any CPU.ActiveCfg = Release|Any CPU
		{91834975-5E59-4BBF-89AB-A7057E9311ED}.Release|Any CPU.Build.0 = Release|Any CPU
		{91834975-5E59-4BBF-89AB-A7057E9311ED}.Release|x64.ActiveCfg = Release|Any CPU
		{91834975-5E59-4BBF-89AB-A7057E9311ED}.Release|x64.Build.0 = Release|Any CPU
		{91834975-5E59-4BBF-89AB-A7057E9311ED}.Release|x86.ActiveCfg = Release|Any CPU
		{91834975-5E59-4BBF-89AB-A7057E9311ED}.Release|x86.Build.0 = Release|Any CPU
		{EEE136BB-F118-4986-B73D-FF685DB9A872}.Debug|Any CPU.ActiveCfg = Debug|Any CPU
		{EEE136BB-F118-4986-B73D-FF685DB9A872}.Debug|Any CPU.Build.0 = Debug|Any CPU
		{EEE136BB-F118-4986-B73D-FF685DB9A872}.Debug|x64.ActiveCfg = Debug|Any CPU
		{EEE136BB-F118-4986-B73D-FF685DB9A872}.Debug|x64.Build.0 = Debug|Any CPU
		{EEE136BB-F118-4986-B73D-FF685DB9A872}.Debug|x86.ActiveCfg = Debug|Any CPU
		{EEE136BB-F118-4986-B73D-FF685DB9A872}.Debug|x86.Build.0 = Debug|Any CPU
		{EEE136BB-F118-4986-B73D-FF685DB9A872}.Release|Any CPU.ActiveCfg = Release|Any CPU
		{EEE136BB-F118-4986-B73D-FF685DB9A872}.Release|Any CPU.Build.0 = Release|Any CPU
		{EEE136BB-F118-4986-B73D-FF685DB9A872}.Release|x64.ActiveCfg = Release|Any CPU
		{EEE136BB-F118-4986-B73D-FF685DB9A872}.Release|x64.Build.0 = Release|Any CPU
		{EEE136BB-F118-4986-B73D-FF685DB9A872}.Release|x86.ActiveCfg = Release|Any CPU
		{EEE136BB-F118-4986-B73D-FF685DB9A872}.Release|x86.Build.0 = Release|Any CPU
		{E5611270-4E37-4123-88D0-7DD808F4CC3F}.Debug|Any CPU.ActiveCfg = Debug|Any CPU
		{E5611270-4E37-4123-88D0-7DD808F4CC3F}.Debug|Any CPU.Build.0 = Debug|Any CPU
		{E5611270-4E37-4123-88D0-7DD808F4CC3F}.Debug|x64.ActiveCfg = Debug|Any CPU
		{E5611270-4E37-4123-88D0-7DD808F4CC3F}.Debug|x64.Build.0 = Debug|Any CPU
		{E5611270-4E37-4123-88D0-7DD808F4CC3F}.Debug|x86.ActiveCfg = Debug|Any CPU
		{E5611270-4E37-4123-88D0-7DD808F4CC3F}.Debug|x86.Build.0 = Debug|Any CPU
		{E5611270-4E37-4123-88D0-7DD808F4CC3F}.Release|Any CPU.ActiveCfg = Release|Any CPU
		{E5611270-4E37-4123-88D0-7DD808F4CC3F}.Release|Any CPU.Build.0 = Release|Any CPU
		{E5611270-4E37-4123-88D0-7DD808F4CC3F}.Release|x64.ActiveCfg = Release|Any CPU
		{E5611270-4E37-4123-88D0-7DD808F4CC3F}.Release|x64.Build.0 = Release|Any CPU
		{E5611270-4E37-4123-88D0-7DD808F4CC3F}.Release|x86.ActiveCfg = Release|Any CPU
		{E5611270-4E37-4123-88D0-7DD808F4CC3F}.Release|x86.Build.0 = Release|Any CPU
		{9718BF3D-FEF4-466A-BC98-ABA0D62CB3F8}.Debug|Any CPU.ActiveCfg = Debug|Any CPU
		{9718BF3D-FEF4-466A-BC98-ABA0D62CB3F8}.Debug|Any CPU.Build.0 = Debug|Any CPU
		{9718BF3D-FEF4-466A-BC98-ABA0D62CB3F8}.Debug|x64.ActiveCfg = Debug|Any CPU
		{9718BF3D-FEF4-466A-BC98-ABA0D62CB3F8}.Debug|x64.Build.0 = Debug|Any CPU
		{9718BF3D-FEF4-466A-BC98-ABA0D62CB3F8}.Debug|x86.ActiveCfg = Debug|Any CPU
		{9718BF3D-FEF4-466A-BC98-ABA0D62CB3F8}.Debug|x86.Build.0 = Debug|Any CPU
		{9718BF3D-FEF4-466A-BC98-ABA0D62CB3F8}.Release|Any CPU.ActiveCfg = Release|Any CPU
		{9718BF3D-FEF4-466A-BC98-ABA0D62CB3F8}.Release|Any CPU.Build.0 = Release|Any CPU
		{9718BF3D-FEF4-466A-BC98-ABA0D62CB3F8}.Release|x64.ActiveCfg = Release|Any CPU
		{9718BF3D-FEF4-466A-BC98-ABA0D62CB3F8}.Release|x64.Build.0 = Release|Any CPU
		{9718BF3D-FEF4-466A-BC98-ABA0D62CB3F8}.Release|x86.ActiveCfg = Release|Any CPU
		{9718BF3D-FEF4-466A-BC98-ABA0D62CB3F8}.Release|x86.Build.0 = Release|Any CPU
	EndGlobalSection
	GlobalSection(SolutionProperties) = preSolution
		HideSolutionNode = FALSE
	EndGlobalSection
EndGlobal
